<?xml version="1.0" encoding="utf-8"?>
<Project ToolsVersion="4.0" xmlns="http://schemas.microsoft.com/developer/msbuild/2003">
  <ItemGroup>
    <Filter Include="Source Files">
      <UniqueIdentifier>{eaf14df3-b7db-47a9-9376-85266588739d}</UniqueIdentifier>
      <Extensions>cpp;c;cxx;rc;def;r;odl;idl;hpj;bat</Extensions>
    </Filter>
    <Filter Include="Header Files">
      <UniqueIdentifier>{34ed0db0-9ff6-4377-a1a5-c93675cd9052}</UniqueIdentifier>
      <Extensions>h;hpp;hxx;hm;inl</Extensions>
    </Filter>
  </ItemGroup>
  <ItemGroup>
    <ClCompile Include="..\..\..\..\Sources\Plasma\PubUtilLib\plAudible\plAudibleNull.cpp">
      <Filter>Source Files</Filter>
    </ClCompile>
    <ClCompile Include="..\..\..\..\Sources\Plasma\PubUtilLib\plAudible\plWinAudible.cpp">
      <Filter>Source Files</Filter>
    </ClCompile>
    <ClCompile Include="..\..\..\..\Sources\Plasma\PubUtilLib\plAudible\plWinAudibleProxy.cpp">
      <Filter>Source Files</Filter>
    </ClCompile>
  </ItemGroup>
  <ItemGroup>
    <ClInclude Include="..\..\..\..\Sources\Plasma\PubUtilLib\plAudible\plAudibleCreatable.h">
      <Filter>Header Files</Filter>
    </ClInclude>
    <ClInclude Include="..\..\..\..\Sources\Plasma\PubUtilLib\plAudible\plAudibleNull.h">
      <Filter>Header Files</Filter>
    </ClInclude>
    <ClInclude Include="..\..\..\..\Sources\Plasma\PubUtilLib\plAudible\plWinAudible.h">
      <Filter>Header Files</Filter>
    </ClInclude>
    <ClInclude Include="..\..\..\..\Sources\Plasma\PubUtilLib\plAudible\plWinAudibleProxy.h">
      <Filter>Header Files</Filter>
    </ClInclude>
  </ItemGroup>
</Project>