<?xml version="1.0" encoding="utf-8"?>
<Project ToolsVersion="4.0" xmlns="http://schemas.microsoft.com/developer/msbuild/2003">
  <ItemGroup>
    <Filter Include="Source Files">
      <UniqueIdentifier>{5382957f-6574-4e48-8435-c3d3716a4c13}</UniqueIdentifier>
      <Extensions>cpp;c;cxx;rc;def;r;odl;idl;hpj;bat</Extensions>
    </Filter>
    <Filter Include="Header Files">
      <UniqueIdentifier>{0b57ada9-3ee3-4369-8c9a-c08226658d7e}</UniqueIdentifier>
      <Extensions>h;hpp;hxx;hm;inl</Extensions>
    </Filter>
  </ItemGroup>
  <ItemGroup>
    <ClCompile Include="..\..\..\..\Sources\Plasma\FeatureLib\pfCCR\plCCRMgr.cpp">
      <Filter>Source Files</Filter>
    </ClCompile>
    <ClCompile Include="..\..\..\..\Sources\Plasma\FeatureLib\pfCCR\plCCRVault.cpp">
      <Filter>Source Files</Filter>
    </ClCompile>
  </ItemGroup>
  <ItemGroup>
    <ClInclude Include="..\..\..\..\Sources\Plasma\FeatureLib\pfCCR\plCCRCreatable.h">
      <Filter>Header Files</Filter>
    </ClInclude>
    <ClInclude Include="..\..\..\..\Sources\Plasma\FeatureLib\pfCCR\plCCRMgr.h">
      <Filter>Header Files</Filter>
    </ClInclude>
    <ClInclude Include="..\..\..\..\Sources\Plasma\FeatureLib\pfCCR\plCCRVault.h">
      <Filter>Header Files</Filter>
    </ClInclude>
  </ItemGroup>
</Project>