<?xml version="1.0" encoding="utf-8"?>
<Project ToolsVersion="4.0" xmlns="http://schemas.microsoft.com/developer/msbuild/2003">
  <ItemGroup>
    <Filter Include="Source Files">
      <UniqueIdentifier>{0f3f787d-17ff-4587-97f1-44421e389afe}</UniqueIdentifier>
      <Extensions>cpp;c;cxx;rc;def;r;odl;idl;hpj;bat</Extensions>
    </Filter>
    <Filter Include="Header Files">
      <UniqueIdentifier>{914e3c92-ad7c-40ba-85e0-2cb72f9bef4c}</UniqueIdentifier>
      <Extensions>h;hpp;hxx;hm;inl</Extensions>
    </Filter>
  </ItemGroup>
  <ItemGroup>
    <ClCompile Include="..\..\..\..\Sources\Plasma\PubUtilLib\plGLight\plDirectShadowMaster.cpp">
      <Filter>Source Files</Filter>
    </ClCompile>
    <ClCompile Include="..\..\..\..\Sources\Plasma\PubUtilLib\plGLight\plLightInfo.cpp">
      <Filter>Source Files</Filter>
    </ClCompile>
    <ClCompile Include="..\..\..\..\Sources\Plasma\PubUtilLib\plGLight\plLightProxy.cpp">
      <Filter>Source Files</Filter>
    </ClCompile>
    <ClCompile Include="..\..\..\..\Sources\Plasma\PubUtilLib\plGLight\plLightSpace.cpp">
      <Filter>Source Files</Filter>
    </ClCompile>
    <ClCompile Include="..\..\..\..\Sources\Plasma\PubUtilLib\plGLight\plPerspDirSlave.cpp">
      <Filter>Source Files</Filter>
    </ClCompile>
    <ClCompile Include="..\..\..\..\Sources\Plasma\PubUtilLib\plGLight\plPointShadowMaster.cpp">
      <Filter>Source Files</Filter>
    </ClCompile>
    <ClCompile Include="..\..\..\..\Sources\Plasma\PubUtilLib\plGLight\plShadowCaster.cpp">
      <Filter>Source Files</Filter>
    </ClCompile>
    <ClCompile Include="..\..\..\..\Sources\Plasma\PubUtilLib\plGLight\plShadowMaster.cpp">
      <Filter>Source Files</Filter>
    </ClCompile>
    <ClCompile Include="..\..\..\..\Sources\Plasma\PubUtilLib\plGLight\plShadowSlave.cpp">
      <Filter>Source Files</Filter>
    </ClCompile>
  </ItemGroup>
  <ItemGroup>
    <ClInclude Include="..\..\..\..\Sources\Plasma\PubUtilLib\plGLight\plDirectShadowMaster.h">
      <Filter>Header Files</Filter>
    </ClInclude>
    <ClInclude Include="..\..\..\..\Sources\Plasma\PubUtilLib\plGLight\plGLightCreatable.h">
      <Filter>Header Files</Filter>
    </ClInclude>
    <ClInclude Include="..\..\..\..\Sources\Plasma\PubUtilLib\plGLight\plLightInfo.h">
      <Filter>Header Files</Filter>
    </ClInclude>
    <ClInclude Include="..\..\..\..\Sources\Plasma\PubUtilLib\plGLight\plLightKonstants.h">
      <Filter>Header Files</Filter>
    </ClInclude>
    <ClInclude Include="..\..\..\..\Sources\Plasma\PubUtilLib\plGLight\plLightProxy.h">
      <Filter>Header Files</Filter>
    </ClInclude>
    <ClInclude Include="..\..\..\..\Sources\Plasma\PubUtilLib\plGLight\plLightSpace.h">
      <Filter>Header Files</Filter>
    </ClInclude>
    <ClInclude Include="..\..\..\..\Sources\Plasma\PubUtilLib\plGLight\plPerspDirSlave.h">
      <Filter>Header Files</Filter>
    </ClInclude>
    <ClInclude Include="..\..\..\..\Sources\Plasma\PubUtilLib\plGLight\plPointShadowMaster.h">
      <Filter>Header Files</Filter>
    </ClInclude>
    <ClInclude Include="..\..\..\..\Sources\Plasma\PubUtilLib\plGLight\plShadowCaster.h">
      <Filter>Header Files</Filter>
    </ClInclude>
    <ClInclude Include="..\..\..\..\Sources\Plasma\PubUtilLib\plGLight\plShadowMaster.h">
      <Filter>Header Files</Filter>
    </ClInclude>
    <ClInclude Include="..\..\..\..\Sources\Plasma\PubUtilLib\plGLight\plShadowSlave.h">
      <Filter>Header Files</Filter>
    </ClInclude>
  </ItemGroup>
</Project>