<?xml version="1.0" encoding="utf-8"?>
<Project ToolsVersion="4.0" xmlns="http://schemas.microsoft.com/developer/msbuild/2003">
  <ItemGroup>
    <Filter Include="Source Files">
      <UniqueIdentifier>{f374b512-54bd-4b0f-a124-209510df9ea6}</UniqueIdentifier>
      <Extensions>cpp;c;cxx;rc;def;r;odl;idl;hpj;bat</Extensions>
    </Filter>
    <Filter Include="Header Files">
      <UniqueIdentifier>{3fca8b7b-05c8-40d5-8b82-bfc5bb6c6c3b}</UniqueIdentifier>
      <Extensions>h;hpp;hxx;hm;inl</Extensions>
    </Filter>
  </ItemGroup>
  <ItemGroup>
    <ClCompile Include="..\..\..\..\Sources\Plasma\PubUtilLib\plTransform\hsAffineParts.cpp">
      <Filter>Source Files</Filter>
    </ClCompile>
    <ClCompile Include="..\..\..\..\Sources\Plasma\PubUtilLib\plTransform\hsEuler.cpp">
      <Filter>Source Files</Filter>
    </ClCompile>
    <ClCompile Include="..\..\..\..\Sources\Plasma\PubUtilLib\plTransform\mat_decomp.cpp">
      <Filter>Source Files</Filter>
    </ClCompile>
  </ItemGroup>
  <ItemGroup>
    <ClInclude Include="..\..\..\..\Sources\Plasma\PubUtilLib\plTransform\hsAffineParts.h">
      <Filter>Header Files</Filter>
    </ClInclude>
    <ClInclude Include="..\..\..\..\Sources\Plasma\PubUtilLib\plTransform\hsEuler.h">
      <Filter>Header Files</Filter>
    </ClInclude>
    <ClInclude Include="..\..\..\..\Sources\Plasma\PubUtilLib\plTransform\mat_decomp.h">
      <Filter>Header Files</Filter>
    </ClInclude>
  </ItemGroup>
</Project>