<?xml version="1.0" encoding="utf-8"?>
<Project ToolsVersion="4.0" xmlns="http://schemas.microsoft.com/developer/msbuild/2003">
  <ItemGroup>
    <Filter Include="Source Files">
      <UniqueIdentifier>{aa0b40cd-5e8f-44fc-af8f-9e7e7eafacde}</UniqueIdentifier>
      <Extensions>cpp;c;cxx;rc;def;r;odl;idl;hpj;bat</Extensions>
    </Filter>
    <Filter Include="Header Files">
      <UniqueIdentifier>{a5ac3028-8ef9-4d7d-aea9-78c3341cf270}</UniqueIdentifier>
      <Extensions>h;hpp;hxx;hm;inl</Extensions>
    </Filter>
  </ItemGroup>
  <ItemGroup>
    <ClCompile Include="..\..\..\..\Sources\Plasma\PubUtilLib\plDrawable\plAccessGeometry.cpp">
      <Filter>Source Files</Filter>
    </ClCompile>
    <ClCompile Include="..\..\..\..\Sources\Plasma\PubUtilLib\plDrawable\plAccessSnapShot.cpp">
      <Filter>Source Files</Filter>
    </ClCompile>
    <ClCompile Include="..\..\..\..\Sources\Plasma\PubUtilLib\plDrawable\plAccMeshSmooth.cpp">
      <Filter>Source Files</Filter>
    </ClCompile>
    <ClCompile Include="..\..\..\..\Sources\Plasma\PubUtilLib\plDrawable\plActivePrintShape.cpp">
      <Filter>Source Files</Filter>
    </ClCompile>
    <ClCompile Include="..\..\..\..\Sources\Plasma\PubUtilLib\plDrawable\plAvMeshSmooth.cpp">
      <Filter>Source Files</Filter>
    </ClCompile>
    <ClCompile Include="..\..\..\..\Sources\Plasma\PubUtilLib\plDrawable\plCluster.cpp">
      <Filter>Source Files</Filter>
    </ClCompile>
    <ClCompile Include="..\..\..\..\Sources\Plasma\PubUtilLib\plDrawable\plClusterGroup.cpp">
      <Filter>Source Files</Filter>
    </ClCompile>
    <ClCompile Include="..\..\..\..\Sources\Plasma\PubUtilLib\plDrawable\plCutter.cpp">
      <Filter>Source Files</Filter>
    </ClCompile>
    <ClCompile Include="..\..\..\..\Sources\Plasma\PubUtilLib\plDrawable\plDrawableGenerator.cpp">
      <Filter>Source Files</Filter>
    </ClCompile>
    <ClCompile Include="..\..\..\..\Sources\Plasma\PubUtilLib\plDrawable\plDrawableSpans.cpp">
      <Filter>Source Files</Filter>
    </ClCompile>
    <ClCompile Include="..\..\..\..\Sources\Plasma\PubUtilLib\plDrawable\plDrawableSpansExport.cpp">
      <Filter>Source Files</Filter>
    </ClCompile>
    <ClCompile Include="..\..\..\..\Sources\Plasma\PubUtilLib\plDrawable\plDynaBulletMgr.cpp">
      <Filter>Source Files</Filter>
    </ClCompile>
    <ClCompile Include="..\..\..\..\Sources\Plasma\PubUtilLib\plDrawable\plDynaDecal.cpp">
      <Filter>Source Files</Filter>
    </ClCompile>
    <ClCompile Include="..\..\..\..\Sources\Plasma\PubUtilLib\plDrawable\plDynaDecalMgr.cpp">
      <Filter>Source Files</Filter>
    </ClCompile>
    <ClCompile Include="..\..\..\..\Sources\Plasma\PubUtilLib\plDrawable\plDynaFootMgr.cpp">
      <Filter>Source Files</Filter>
    </ClCompile>
    <ClCompile Include="..\..\..\..\Sources\Plasma\PubUtilLib\plDrawable\plDynaPuddleMgr.cpp">
      <Filter>Source Files</Filter>
    </ClCompile>
    <ClCompile Include="..\..\..\..\Sources\Plasma\PubUtilLib\plDrawable\plDynaRippleMgr.cpp">
      <Filter>Source Files</Filter>
    </ClCompile>
    <ClCompile Include="..\..\..\..\Sources\Plasma\PubUtilLib\plDrawable\plDynaRippleMgrVS.cpp">
      <Filter>Source Files</Filter>
    </ClCompile>
    <ClCompile Include="..\..\..\..\Sources\Plasma\PubUtilLib\plDrawable\plDynaTorpedoMgr.cpp">
      <Filter>Source Files</Filter>
    </ClCompile>
    <ClCompile Include="..\..\..\..\Sources\Plasma\PubUtilLib\plDrawable\plDynaTorpedoVSMgr.cpp">
      <Filter>Source Files</Filter>
    </ClCompile>
    <ClCompile Include="..\..\..\..\Sources\Plasma\PubUtilLib\plDrawable\plDynaWakeMgr.cpp">
      <Filter>Source Files</Filter>
    </ClCompile>
    <ClCompile Include="..\..\..\..\Sources\Plasma\PubUtilLib\plDrawable\plFixedWaterState7.cpp">
      <Filter>Source Files</Filter>
    </ClCompile>
    <ClCompile Include="..\..\..\..\Sources\Plasma\PubUtilLib\plDrawable\plGeometrySpan.cpp">
      <Filter>Source Files</Filter>
    </ClCompile>
    <ClCompile Include="..\..\..\..\Sources\Plasma\PubUtilLib\plDrawable\plGeoSpanDice.cpp">
      <Filter>Source Files</Filter>
    </ClCompile>
    <ClCompile Include="..\..\..\..\Sources\Plasma\PubUtilLib\plDrawable\plInstanceDrawInterface.cpp">
      <Filter>Source Files</Filter>
    </ClCompile>
    <ClCompile Include="..\..\..\..\Sources\Plasma\PubUtilLib\plDrawable\plInterMeshSmooth.cpp">
      <Filter>Source Files</Filter>
    </ClCompile>
    <ClCompile Include="..\..\..\..\Sources\Plasma\PubUtilLib\plDrawable\plMorphArray.cpp">
      <Filter>Source Files</Filter>
    </ClCompile>
    <ClCompile Include="..\..\..\..\Sources\Plasma\PubUtilLib\plDrawable\plMorphDelta.cpp">
      <Filter>Source Files</Filter>
    </ClCompile>
    <ClCompile Include="..\..\..\..\Sources\Plasma\PubUtilLib\plDrawable\plMorphSequence.cpp">
      <Filter>Source Files</Filter>
    </ClCompile>
    <ClCompile Include="..\..\..\..\Sources\Plasma\PubUtilLib\plDrawable\plMorphSequenceSDLMod.cpp">
      <Filter>Source Files</Filter>
    </ClCompile>
    <ClCompile Include="..\..\..\..\Sources\Plasma\PubUtilLib\plDrawable\plParticleFiller.cpp">
      <Filter>Source Files</Filter>
    </ClCompile>
    <ClCompile Include="..\..\..\..\Sources\Plasma\PubUtilLib\plDrawable\plPrintShape.cpp">
      <Filter>Source Files</Filter>
    </ClCompile>
    <ClCompile Include="..\..\..\..\Sources\Plasma\PubUtilLib\plDrawable\plProxyGen.cpp">
      <Filter>Source Files</Filter>
    </ClCompile>
    <ClCompile Include="..\..\..\..\Sources\Plasma\PubUtilLib\plDrawable\plSharedMesh.cpp">
      <Filter>Source Files</Filter>
    </ClCompile>
    <ClCompile Include="..\..\..\..\Sources\Plasma\PubUtilLib\plDrawable\plSpaceTree.cpp">
      <Filter>Source Files</Filter>
    </ClCompile>
    <ClCompile Include="..\..\..\..\Sources\Plasma\PubUtilLib\plDrawable\plSpaceTreeMaker.cpp">
      <Filter>Source Files</Filter>
    </ClCompile>
    <ClCompile Include="..\..\..\..\Sources\Plasma\PubUtilLib\plDrawable\plSpanInstance.cpp">
      <Filter>Source Files</Filter>
    </ClCompile>
    <ClCompile Include="..\..\..\..\Sources\Plasma\PubUtilLib\plDrawable\plSpanTemplate.cpp">
      <Filter>Source Files</Filter>
    </ClCompile>
    <ClCompile Include="..\..\..\..\Sources\Plasma\PubUtilLib\plDrawable\plSpanTypes.cpp">
      <Filter>Source Files</Filter>
    </ClCompile>
    <ClCompile Include="..\..\..\..\Sources\Plasma\PubUtilLib\plDrawable\plVisLOSMgr.cpp">
      <Filter>Source Files</Filter>
    </ClCompile>
    <ClCompile Include="..\..\..\..\Sources\Plasma\PubUtilLib\plDrawable\plWaveSet7.cpp">
      <Filter>Source Files</Filter>
    </ClCompile>
    <ClCompile Include="..\..\..\..\Sources\Plasma\PubUtilLib\plDrawable\plWaveSetBase.cpp">
      <Filter>Source Files</Filter>
    </ClCompile>
  </ItemGroup>
  <ItemGroup>
    <ClInclude Include="..\..\..\..\Sources\Plasma\PubUtilLib\plDrawable\plAccessGeometry.h">
      <Filter>Header Files</Filter>
    </ClInclude>
    <ClInclude Include="..\..\..\..\Sources\Plasma\PubUtilLib\plDrawable\plAccessPartySpan.h">
      <Filter>Header Files</Filter>
    </ClInclude>
    <ClInclude Include="..\..\..\..\Sources\Plasma\PubUtilLib\plDrawable\plAccessSnapShot.h">
      <Filter>Header Files</Filter>
    </ClInclude>
    <ClInclude Include="..\..\..\..\Sources\Plasma\PubUtilLib\plDrawable\plAccessSpan.h">
      <Filter>Header Files</Filter>
    </ClInclude>
    <ClInclude Include="..\..\..\..\Sources\Plasma\PubUtilLib\plDrawable\plAccessTriSpan.h">
      <Filter>Header Files</Filter>
    </ClInclude>
    <ClInclude Include="..\..\..\..\Sources\Plasma\PubUtilLib\plDrawable\plAccessVtxSpan.h">
      <Filter>Header Files</Filter>
    </ClInclude>
    <ClInclude Include="..\..\..\..\Sources\Plasma\PubUtilLib\plDrawable\plAccMeshSmooth.h">
      <Filter>Header Files</Filter>
    </ClInclude>
    <ClInclude Include="..\..\..\..\Sources\Plasma\PubUtilLib\plDrawable\plActivePrintShape.h">
      <Filter>Header Files</Filter>
    </ClInclude>
    <ClInclude Include="..\..\..\..\Sources\Plasma\PubUtilLib\plDrawable\plAuxSpan.h">
      <Filter>Header Files</Filter>
    </ClInclude>
    <ClInclude Include="..\..\..\..\Sources\Plasma\PubUtilLib\plDrawable\plAvMeshSmooth.h">
      <Filter>Header Files</Filter>
    </ClInclude>
    <ClInclude Include="..\..\..\..\Sources\Plasma\PubUtilLib\plDrawable\plCluster.h">
      <Filter>Header Files</Filter>
    </ClInclude>
    <ClInclude Include="..\..\..\..\Sources\Plasma\PubUtilLib\plDrawable\plClusterGroup.h">
      <Filter>Header Files</Filter>
    </ClInclude>
    <ClInclude Include="..\..\..\..\Sources\Plasma\PubUtilLib\plDrawable\plCutter.h">
      <Filter>Header Files</Filter>
    </ClInclude>
    <ClInclude Include="..\..\..\..\Sources\Plasma\PubUtilLib\plDrawable\plDrawableCreatable.h">
      <Filter>Header Files</Filter>
    </ClInclude>
    <ClInclude Include="..\..\..\..\Sources\Plasma\PubUtilLib\plDrawable\plDrawableGenerator.h">
      <Filter>Header Files</Filter>
    </ClInclude>
    <ClInclude Include="..\..\..\..\Sources\Plasma\PubUtilLib\plDrawable\plDrawableSpans.h">
      <Filter>Header Files</Filter>
    </ClInclude>
    <ClInclude Include="..\..\..\..\Sources\Plasma\PubUtilLib\plDrawable\plDynaBulletMgr.h">
      <Filter>Header Files</Filter>
    </ClInclude>
    <ClInclude Include="..\..\..\..\Sources\Plasma\PubUtilLib\plDrawable\plDynaDecal.h">
      <Filter>Header Files</Filter>
    </ClInclude>
    <ClInclude Include="..\..\..\..\Sources\Plasma\PubUtilLib\plDrawable\plDynaDecalMgr.h">
      <Filter>Header Files</Filter>
    </ClInclude>
    <ClInclude Include="..\..\..\..\Sources\Plasma\PubUtilLib\plDrawable\plDynaFootMgr.h">
      <Filter>Header Files</Filter>
    </ClInclude>
    <ClInclude Include="..\..\..\..\Sources\Plasma\PubUtilLib\plDrawable\plDynaPuddleMgr.h">
      <Filter>Header Files</Filter>
    </ClInclude>
    <ClInclude Include="..\..\..\..\Sources\Plasma\PubUtilLib\plDrawable\plDynaRippleMgr.h">
      <Filter>Header Files</Filter>
    </ClInclude>
    <ClInclude Include="..\..\..\..\Sources\Plasma\PubUtilLib\plDrawable\plDynaRippleVSMgr.h">
      <Filter>Header Files</Filter>
    </ClInclude>
    <ClInclude Include="..\..\..\..\Sources\Plasma\PubUtilLib\plDrawable\plDynaTorpedoMgr.h">
      <Filter>Header Files</Filter>
    </ClInclude>
    <ClInclude Include="..\..\..\..\Sources\Plasma\PubUtilLib\plDrawable\plDynaTorpedoVSMgr.h">
      <Filter>Header Files</Filter>
    </ClInclude>
    <ClInclude Include="..\..\..\..\Sources\Plasma\PubUtilLib\plDrawable\plDynaWakeMgr.h">
      <Filter>Header Files</Filter>
    </ClInclude>
    <ClInclude Include="..\..\..\..\Sources\Plasma\PubUtilLib\plDrawable\plFixedWaterState7.h">
      <Filter>Header Files</Filter>
    </ClInclude>
    <ClInclude Include="..\..\..\..\Sources\Plasma\PubUtilLib\plDrawable\plGeometrySpan.h">
      <Filter>Header Files</Filter>
    </ClInclude>
    <ClInclude Include="..\..\..\..\Sources\Plasma\PubUtilLib\plDrawable\plGeoSpanDice.h">
      <Filter>Header Files</Filter>
    </ClInclude>
    <ClInclude Include="..\..\..\..\Sources\Plasma\PubUtilLib\plDrawable\plInstanceDrawInterface.h">
      <Filter>Header Files</Filter>
    </ClInclude>
    <ClInclude Include="..\..\..\..\Sources\Plasma\PubUtilLib\plDrawable\plInterMeshSmooth.h">
      <Filter>Header Files</Filter>
    </ClInclude>
    <ClInclude Include="..\..\..\..\Sources\Plasma\PubUtilLib\plDrawable\plMorphArray.h">
      <Filter>Header Files</Filter>
    </ClInclude>
    <ClInclude Include="..\..\..\..\Sources\Plasma\PubUtilLib\plDrawable\plMorphDelta.h">
      <Filter>Header Files</Filter>
    </ClInclude>
    <ClInclude Include="..\..\..\..\Sources\Plasma\PubUtilLib\plDrawable\plMorphSequence.h">
      <Filter>Header Files</Filter>
    </ClInclude>
    <ClInclude Include="..\..\..\..\Sources\Plasma\PubUtilLib\plDrawable\plMorphSequenceSDLMod.h">
      <Filter>Header Files</Filter>
    </ClInclude>
    <ClInclude Include="..\..\..\..\Sources\Plasma\PubUtilLib\plDrawable\plParticleFiller.h">
      <Filter>Header Files</Filter>
    </ClInclude>
    <ClInclude Include="..\..\..\..\Sources\Plasma\PubUtilLib\plDrawable\plPrintShape.h">
      <Filter>Header Files</Filter>
    </ClInclude>
    <ClInclude Include="..\..\..\..\Sources\Plasma\PubUtilLib\plDrawable\plProxyGen.h">
      <Filter>Header Files</Filter>
    </ClInclude>
    <ClInclude Include="..\..\..\..\Sources\Plasma\PubUtilLib\plDrawable\plRipVSConsts.h">
      <Filter>Header Files</Filter>
    </ClInclude>
    <ClInclude Include="..\..\..\..\Sources\Plasma\PubUtilLib\plDrawable\plSharedMesh.h">
      <Filter>Header Files</Filter>
    </ClInclude>
    <ClInclude Include="..\..\..\..\Sources\Plasma\PubUtilLib\plDrawable\plSpaceTree.h">
      <Filter>Header Files</Filter>
    </ClInclude>
    <ClInclude Include="..\..\..\..\Sources\Plasma\PubUtilLib\plDrawable\plSpaceTreeMaker.h">
      <Filter>Header Files</Filter>
    </ClInclude>
    <ClInclude Include="..\..\..\..\Sources\Plasma\PubUtilLib\plDrawable\plSpanInstance.h">
      <Filter>Header Files</Filter>
    </ClInclude>
    <ClInclude Include="..\..\..\..\Sources\Plasma\PubUtilLib\plDrawable\plSpanTemplate.h">
      <Filter>Header Files</Filter>
    </ClInclude>
    <ClInclude Include="..\..\..\..\Sources\Plasma\PubUtilLib\plDrawable\plSpanTypes.h">
      <Filter>Header Files</Filter>
    </ClInclude>
    <ClInclude Include="..\..\..\..\Sources\Plasma\PubUtilLib\plDrawable\plTimedInterp.h">
      <Filter>Header Files</Filter>
    </ClInclude>
    <ClInclude Include="..\..\..\..\Sources\Plasma\PubUtilLib\plDrawable\plVisLOSMgr.h">
      <Filter>Header Files</Filter>
    </ClInclude>
    <ClInclude Include="..\..\..\..\Sources\Plasma\PubUtilLib\plDrawable\plWaveSet7.h">
      <Filter>Header Files</Filter>
    </ClInclude>
    <ClInclude Include="..\..\..\..\Sources\Plasma\PubUtilLib\plDrawable\plWaveSetBase.h">
      <Filter>Header Files</Filter>
    </ClInclude>
    <ClInclude Include="..\..\..\..\Sources\Plasma\PubUtilLib\plDrawable\plWaveSetShaderConsts.h">
      <Filter>Header Files</Filter>
    </ClInclude>
  </ItemGroup>
</Project>